PODS:
  - BugImageCreator (0.3.0)
  - DebugHead (0.1.4):
    - BugImageCreator (~> 0.3.0)
  - DebugMenuRealmBrowser (0.1.0):
    - DebugHead
    - RealmBrowser
  - Realm (1.0.2):
    - Realm/Headers (= 1.0.2)
  - Realm/Headers (1.0.2)
  - RealmBrowser (0.1.1):
    - RealmSwift
  - RealmSwift (1.0.2):
    - Realm (= 1.0.2)

DEPENDENCIES:
  - DebugMenuRealmBrowser (from `../`)

EXTERNAL SOURCES:
  DebugMenuRealmBrowser:
    :path: "../"

SPEC CHECKSUMS:
  BugImageCreator: df4712f25538333550477121b5499a0aaf46479f
  DebugHead: 9199342ef8526d31c0471bd69324e4471d055ae1
  DebugMenuRealmBrowser: f97a5a88e9ffa31d393d359d3f8d1eb261662912
  Realm: 9d5c46a4d7d27958530a8dfc58f63a99e5c2cba3
  RealmBrowser: f6ed7bc8a248c8cf94ace66013cdf2372abec00f
  RealmSwift: 82f3ac5e24530143dddfde2033acc0d308f27d96

PODFILE CHECKSUM: 4b034790cae8fec177362178df3b7ddecc20a97a

COCOAPODS: 1.0.1
